{
  "name": "drishti-frontend",
  "version": "1.0.0",
  "lockfileVersion": 3,
  "requires": true,
  "packages": {
    "": {
      "name": "drishti-frontend",
      "version": "1.0.0",
      "dependencies": {
        "ux4g-web-components": "2.1.0"
      }
    },
    "node_modules/ux4g-web-components": {
      "version": "2.1.0",
      "resolved": "https://registry.npmjs.org/ux4g-web-components/-/ux4g-web-components-2.1.0.tgz",
      "integrity": "sha512-geC54KjpaczQZqYXTPBEOPkZSVgs+Zlt4xlc78Vqw4nKIJVvXxt7eQNRsxsfCAZQL/ZZvle2vAoPqWgobGI7aA=="
    }
  }
}
